
Microsoft Visual Studio Solution File, Format Version 12.00
# Visual Studio 2012
Project("{FAE04EC0-301F-11D3-BF4B-00C04F79EFBC}") = "hackerrank-challenges", "hackerrank-challenges.csproj", "{B93550A1-409F-42AC-80FA-9B88A0B479EC}"
EndProject
Global
	GlobalSection(SolutionConfigurationPlatforms) = preSolution
		Debug|Any CPU = Debug|Any CPU
		Release|Any CPU = Release|Any CPU
	EndGlobalSection
	GlobalSection(ProjectConfigurationPlatforms) = postSolution
		{B93550A1-409F-42AC-80FA-9B88A0B479EC}.Debug|Any CPU.ActiveCfg = Debug|Any CPU
		{B93550A1-409F-42AC-80FA-9B88A0B479EC}.Debug|Any CPU.Build.0 = Debug|Any CPU
		{B93550A1-409F-42AC-80FA-9B88A0B479EC}.Release|Any CPU.ActiveCfg = Release|Any CPU
		{B93550A1-409F-42AC-80FA-9B88A0B479EC}.Release|Any CPU.Build.0 = Release|Any CPU
	EndGlobalSection
EndGlobal
